
Microsoft Visual Studio Solution File, Format Version 12.00
# Visual Studio 15
VisualStudioVersion = 15.0.27004.2005
MinimumVisualStudioVersion = 10.0.40219.1
Project("{9A19103F-16F7-4668-BE54-9A1E7A4F7556}") = "WebUI", "WebUI\WebUI.csproj", "{8E315961-36BF-4575-BD5D-7596FDCE0E3A}"
EndProject
Project("{E53339B2-1760-4266-BCC7-CA923CBCF16C}") = "docker-compose", "docker-compose.dcproj", "{DD023D80-BC4A-4512-9357-4B3A0B0812F3}"
EndProject
Project("{9A19103F-16F7-4668-BE54-9A1E7A4F7556}") = "Tests", "Tests\Tests.csproj", "{795D20C0-FC25-4B0C-8997-0175505F61CB}"
EndProject
Global
	GlobalSection(SolutionConfigurationPlatforms) = preSolution
		Debug|Any CPU = Debug|Any CPU
		Release|Any CPU = Release|Any CPU
	EndGlobalSection
	GlobalSection(ProjectConfigurationPlatforms) = postSolution
		{8E315961-36BF-4575-BD5D-7596FDCE0E3A}.Debug|Any CPU.ActiveCfg = Debug|Any CPU
		{8E315961-36BF-4575-BD5D-7596FDCE0E3A}.Debug|Any CPU.Build.0 = Debug|Any CPU
		{8E315961-36BF-4575-BD5D-7596FDCE0E3A}.Release|Any CPU.ActiveCfg = Release|Any CPU
		{8E315961-36BF-4575-BD5D-7596FDCE0E3A}.Release|Any CPU.Build.0 = Release|Any CPU
		{DD023D80-BC4A-4512-9357-4B3A0B0812F3}.Debug|Any CPU.ActiveCfg = Debug|Any CPU
		{DD023D80-BC4A-4512-9357-4B3A0B0812F3}.Debug|Any CPU.Build.0 = Debug|Any CPU
		{DD023D80-BC4A-4512-9357-4B3A0B0812F3}.Release|Any CPU.ActiveCfg = Release|Any CPU
		{DD023D80-BC4A-4512-9357-4B3A0B0812F3}.Release|Any CPU.Build.0 = Release|Any CPU
		{795D20C0-FC25-4B0C-8997-0175505F61CB}.Debug|Any CPU.ActiveCfg = Debug|Any CPU
		{795D20C0-FC25-4B0C-8997-0175505F61CB}.Debug|Any CPU.Build.0 = Debug|Any CPU
		{795D20C0-FC25-4B0C-8997-0175505F61CB}.Release|Any CPU.ActiveCfg = Release|Any CPU
		{795D20C0-FC25-4B0C-8997-0175505F61CB}.Release|Any CPU.Build.0 = Release|Any CPU
	EndGlobalSection
	GlobalSection(SolutionProperties) = preSolution
		HideSolutionNode = FALSE
	EndGlobalSection
	GlobalSection(ExtensibilityGlobals) = postSolution
		SolutionGuid = {81C96364-9CF7-4A93-8FCA-F18A2C9A41AF}
	EndGlobalSection
EndGlobal
